
Microsoft Visual Studio Solution File, Format Version 12.00
# Visual Studio 14
VisualStudioVersion = 14.0.25420.1
MinimumVisualStudioVersion = 10.0.40219.1
Project("{FAE04EC0-301F-11D3-BF4B-00C04F79EFBC}") = "Bijele", "Bijele\Bijele.csproj", "{0336D3E8-48A3-4039-9882-168750B5C778}"
EndProject
Global
	GlobalSection(SolutionConfigurationPlatforms) = preSolution
		Debug|Any CPU = Debug|Any CPU
		Release|Any CPU = Release|Any CPU
	EndGlobalSection
	GlobalSection(ProjectConfigurationPlatforms) = postSolution
		{0336D3E8-48A3-4039-9882-168750B5C778}.Debug|Any CPU.ActiveCfg = Debug|Any CPU
		{0336D3E8-48A3-4039-9882-168750B5C778}.Debug|Any CPU.Build.0 = Debug|Any CPU
		{0336D3E8-48A3-4039-9882-168750B5C778}.Release|Any CPU.ActiveCfg = Release|Any CPU
		{0336D3E8-48A3-4039-9882-168750B5C778}.Release|Any CPU.Build.0 = Release|Any CPU
	EndGlobalSection
	GlobalSection(SolutionProperties) = preSolution
		HideSolutionNode = FALSE
	EndGlobalSection
EndGlobal
